// !$*UTF8*$!
{
	archiveVersion = 1;
	classes = {
	};
	objectVersion = 46;
	objects = {

/* Begin PBXBuildFile section */
		A9A527E11BFA6DEF005B43C3 /* UIImageView+Saturn.swift in Sources */ = {isa = PBXBuildFile; fileRef = A9A527E01BFA6DEF005B43C3 /* UIImageView+Saturn.swift */; };
		A9A527E31BFA77C5005B43C3 /* UIImage+String.swift in Sources */ = {isa = PBXBuildFile; fileRef = A9A527E21BFA77C5005B43C3 /* UIImage+String.swift */; };
		A9A527E51BFA7B66005B43C3 /* UIView+String.swift in Sources */ = {isa = PBXBuildFile; fileRef = A9A527E41BFA7B66005B43C3 /* UIView+String.swift */; };
		A9A527E71BFA9368005B43C3 /* UIButtonState.swift in Sources */ = {isa = PBXBuildFile; fileRef = A9A527E61BFA9368005B43C3 /* UIButtonState.swift */; };
		A9A527E91BFB8136005B43C3 /* UIControl+String.swift in Sources */ = {isa = PBXBuildFile; fileRef = A9A527E81BFB8136005B43C3 /* UIControl+String.swift */; };
		A9A527EB1BFB8FE2005B43C3 /* UIButton+Saturn.swift in Sources */ = {isa = PBXBuildFile; fileRef = A9A527EA1BFB8FE2005B43C3 /* UIButton+Saturn.swift */; };
		A9A527ED1BFD2889005B43C3 /* UIControl+Saturn.swift in Sources */ = {isa = PBXBuildFile; fileRef = A9A527EC1BFD2889005B43C3 /* UIControl+Saturn.swift */; };
		C402B4AB1BF7F5CA00FE563B /* Saturn.h in Headers */ = {isa = PBXBuildFile; fileRef = C402B4A01BF7F5CA00FE563B /* Saturn.h */; settings = {ATTRIBUTES = (Public, ); }; };
		C402B4AC1BF7F5CA00FE563B /* SaturnObject.swift in Sources */ = {isa = PBXBuildFile; fileRef = C402B4A11BF7F5CA00FE563B /* SaturnObject.swift */; };
		C402B4AD1BF7F5CA00FE563B /* AEXML.swift in Sources */ = {isa = PBXBuildFile; fileRef = C402B4A31BF7F5CA00FE563B /* AEXML.swift */; };
		C402B4AE1BF7F5CA00FE563B /* CGRect+String.swift in Sources */ = {isa = PBXBuildFile; fileRef = C402B4A51BF7F5CA00FE563B /* CGRect+String.swift */; };
		C402B4AF1BF7F5CA00FE563B /* String+CGFloat.swift in Sources */ = {isa = PBXBuildFile; fileRef = C402B4A61BF7F5CA00FE563B /* String+CGFloat.swift */; };
		C402B4B01BF7F5CA00FE563B /* UIColor+String.swift in Sources */ = {isa = PBXBuildFile; fileRef = C402B4A71BF7F5CA00FE563B /* UIColor+String.swift */; };
		C402B4B11BF7F5CA00FE563B /* UIView+Saturn.swift in Sources */ = {isa = PBXBuildFile; fileRef = C402B4A91BF7F5CA00FE563B /* UIView+Saturn.swift */; };
		C402B4B71BF7F82700FE563B /* Saturn.framework in Frameworks */ = {isa = PBXBuildFile; fileRef = C403A3E61BF787320089299D /* Saturn.framework */; };
		C402B4B81BF7F94D00FE563B /* SaturnTests.swift in Sources */ = {isa = PBXBuildFile; fileRef = C402B4B41BF7F5DD00FE563B /* SaturnTests.swift */; };
		C402B4BB1BF805FA00FE563B /* UILabel+Saturn.swift in Sources */ = {isa = PBXBuildFile; fileRef = C402B4BA1BF805FA00FE563B /* UILabel+Saturn.swift */; };
		C408ACE01BF80B320077A4C2 /* Bool+String.swift in Sources */ = {isa = PBXBuildFile; fileRef = C408ACDF1BF80B320077A4C2 /* Bool+String.swift */; };
		C408ACE21BF81D1E0077A4C2 /* NSObject+Saturn.swift in Sources */ = {isa = PBXBuildFile; fileRef = C408ACE11BF81D1E0077A4C2 /* NSObject+Saturn.swift */; };
		C408ACE41BF86A7E0077A4C2 /* NSText+String.swift in Sources */ = {isa = PBXBuildFile; fileRef = C408ACE31BF86A7E0077A4C2 /* NSText+String.swift */; };
		C408ACE61BF86CF00077A4C2 /* NSParagraphStyle+String.swift in Sources */ = {isa = PBXBuildFile; fileRef = C408ACE51BF86CF00077A4C2 /* NSParagraphStyle+String.swift */; };
		C408ACE81BF8DA9D0077A4C2 /* NSLayoutConstraint+Saturn.swift in Sources */ = {isa = PBXBuildFile; fileRef = C408ACE71BF8DA9D0077A4C2 /* NSLayoutConstraint+Saturn.swift */; };
		C408ACEA1BF8E93F0077A4C2 /* NSLayoutConstraint+String.swift in Sources */ = {isa = PBXBuildFile; fileRef = C408ACE91BF8E93F0077A4C2 /* NSLayoutConstraint+String.swift */; };
/* End PBXBuildFile section */

/* Begin PBXContainerItemProxy section */
		C403A3F21BF787330089299D /* PBXContainerItemProxy */ = {
			isa = PBXContainerItemProxy;
			containerPortal = C403A3DD1BF787320089299D /* Project object */;
			proxyType = 1;
			remoteGlobalIDString = C403A3E51BF787320089299D;
			remoteInfo = Saturn;
		};
/* End PBXContainerItemProxy section */

/* Begin PBXFileReference section */
		A9A527E01BFA6DEF005B43C3 /* UIImageView+Saturn.swift */ = {isa = PBXFileReference; fileEncoding = 4; lastKnownFileType = sourcecode.swift; path = "UIImageView+Saturn.swift"; sourceTree = "<group>"; };
		A9A527E21BFA77C5005B43C3 /* UIImage+String.swift */ = {isa = PBXFileReference; fileEncoding = 4; lastKnownFileType = sourcecode.swift; path = "UIImage+String.swift"; sourceTree = "<group>"; };
		A9A527E41BFA7B66005B43C3 /* UIView+String.swift */ = {isa = PBXFileReference; fileEncoding = 4; lastKnownFileType = sourcecode.swift; path = "UIView+String.swift"; sourceTree = "<group>"; };
		A9A527E61BFA9368005B43C3 /* UIButtonState.swift */ = {isa = PBXFileReference; fileEncoding = 4; lastKnownFileType = sourcecode.swift; path = UIButtonState.swift; sourceTree = "<group>"; };
		A9A527E81BFB8136005B43C3 /* UIControl+String.swift */ = {isa = PBXFileReference; fileEncoding = 4; lastKnownFileType = sourcecode.swift; path = "UIControl+String.swift"; sourceTree = "<group>"; };
		A9A527EA1BFB8FE2005B43C3 /* UIButton+Saturn.swift */ = {isa = PBXFileReference; fileEncoding = 4; lastKnownFileType = sourcecode.swift; path = "UIButton+Saturn.swift"; sourceTree = "<group>"; };
		A9A527EC1BFD2889005B43C3 /* UIControl+Saturn.swift */ = {isa = PBXFileReference; fileEncoding = 4; lastKnownFileType = sourcecode.swift; path = "UIControl+Saturn.swift"; sourceTree = "<group>"; };
		C402B49F1BF7F5CA00FE563B /* Info.plist */ = {isa = PBXFileReference; fileEncoding = 4; lastKnownFileType = text.plist.xml; path = Info.plist; sourceTree = "<group>"; };
		C402B4A01BF7F5CA00FE563B /* Saturn.h */ = {isa = PBXFileReference; fileEncoding = 4; lastKnownFileType = sourcecode.c.h; path = Saturn.h; sourceTree = "<group>"; };
		C402B4A11BF7F5CA00FE563B /* SaturnObject.swift */ = {isa = PBXFileReference; fileEncoding = 4; lastKnownFileType = sourcecode.swift; path = SaturnObject.swift; sourceTree = "<group>"; };
		C402B4A31BF7F5CA00FE563B /* AEXML.swift */ = {isa = PBXFileReference; fileEncoding = 4; lastKnownFileType = sourcecode.swift; path = AEXML.swift; sourceTree = "<group>"; };
		C402B4A51BF7F5CA00FE563B /* CGRect+String.swift */ = {isa = PBXFileReference; fileEncoding = 4; lastKnownFileType = sourcecode.swift; path = "CGRect+String.swift"; sourceTree = "<group>"; };
		C402B4A61BF7F5CA00FE563B /* String+CGFloat.swift */ = {isa = PBXFileReference; fileEncoding = 4; lastKnownFileType = sourcecode.swift; path = "String+CGFloat.swift"; sourceTree = "<group>"; };
		C402B4A71BF7F5CA00FE563B /* UIColor+String.swift */ = {isa = PBXFileReference; fileEncoding = 4; lastKnownFileType = sourcecode.swift; path = "UIColor+String.swift"; sourceTree = "<group>"; };
		C402B4A91BF7F5CA00FE563B /* UIView+Saturn.swift */ = {isa = PBXFileReference; fileEncoding = 4; lastKnownFileType = sourcecode.swift; path = "UIView+Saturn.swift"; sourceTree = "<group>"; };
		C402B4B31BF7F5DD00FE563B /* Info.plist */ = {isa = PBXFileReference; fileEncoding = 4; lastKnownFileType = text.plist.xml; path = Info.plist; sourceTree = "<group>"; };
		C402B4B41BF7F5DD00FE563B /* SaturnTests.swift */ = {isa = PBXFileReference; fileEncoding = 4; lastKnownFileType = sourcecode.swift; path = SaturnTests.swift; sourceTree = "<group>"; };
		C402B4BA1BF805FA00FE563B /* UILabel+Saturn.swift */ = {isa = PBXFileReference; fileEncoding = 4; lastKnownFileType = sourcecode.swift; path = "UILabel+Saturn.swift"; sourceTree = "<group>"; };
		C403A3E61BF787320089299D /* Saturn.framework */ = {isa = PBXFileReference; explicitFileType = wrapper.framework; includeInIndex = 0; path = Saturn.framework; sourceTree = BUILT_PRODUCTS_DIR; };
		C403A3F01BF787330089299D /* Saturn iOS Tests.xctest */ = {isa = PBXFileReference; explicitFileType = wrapper.cfbundle; includeInIndex = 0; path = "Saturn iOS Tests.xctest"; sourceTree = BUILT_PRODUCTS_DIR; };
		C408ACDF1BF80B320077A4C2 /* Bool+String.swift */ = {isa = PBXFileReference; fileEncoding = 4; lastKnownFileType = sourcecode.swift; path = "Bool+String.swift"; sourceTree = "<group>"; };
		C408ACE11BF81D1E0077A4C2 /* NSObject+Saturn.swift */ = {isa = PBXFileReference; fileEncoding = 4; lastKnownFileType = sourcecode.swift; path = "NSObject+Saturn.swift"; sourceTree = "<group>"; };
		C408ACE31BF86A7E0077A4C2 /* NSText+String.swift */ = {isa = PBXFileReference; fileEncoding = 4; lastKnownFileType = sourcecode.swift; path = "NSText+String.swift"; sourceTree = "<group>"; };
		C408ACE51BF86CF00077A4C2 /* NSParagraphStyle+String.swift */ = {isa = PBXFileReference; fileEncoding = 4; lastKnownFileType = sourcecode.swift; path = "NSParagraphStyle+String.swift"; sourceTree = "<group>"; };
		C408ACE71BF8DA9D0077A4C2 /* NSLayoutConstraint+Saturn.swift */ = {isa = PBXFileReference; fileEncoding = 4; lastKnownFileType = sourcecode.swift; path = "NSLayoutConstraint+Saturn.swift"; sourceTree = "<group>"; };
		C408ACE91BF8E93F0077A4C2 /* NSLayoutConstraint+String.swift */ = {isa = PBXFileReference; fileEncoding = 4; lastKnownFileType = sourcecode.swift; path = "NSLayoutConstraint+String.swift"; sourceTree = "<group>"; };
/* End PBXFileReference section */

/* Begin PBXFrameworksBuildPhase section */
		C403A3E21BF787320089299D /* Frameworks */ = {
			isa = PBXFrameworksBuildPhase;
			buildActionMask = 2147483647;
			files = (
			);
			runOnlyForDeploymentPostprocessing = 0;
		};
		C403A3ED1BF787330089299D /* Frameworks */ = {
			isa = PBXFrameworksBuildPhase;
			buildActionMask = 2147483647;
			files = (
				C402B4B71BF7F82700FE563B /* Saturn.framework in Frameworks */,
			);
			runOnlyForDeploymentPostprocessing = 0;
		};
/* End PBXFrameworksBuildPhase section */

/* Begin PBXGroup section */
		C402B49E1BF7F5CA00FE563B /* Source */ = {
			isa = PBXGroup;
			children = (
				C402B49F1BF7F5CA00FE563B /* Info.plist */,
				C402B4A01BF7F5CA00FE563B /* Saturn.h */,
				C402B4A11BF7F5CA00FE563B /* SaturnObject.swift */,
				C402B4A21BF7F5CA00FE563B /* ThirdParty */,
				C402B4A41BF7F5CA00FE563B /* TypeExtensions */,
				C402B4A81BF7F5CA00FE563B /* UIKitExtensions */,
			);
			path = Source;
			sourceTree = "<group>";
		};
		C402B4A21BF7F5CA00FE563B /* ThirdParty */ = {
			isa = PBXGroup;
			children = (
				C402B4A31BF7F5CA00FE563B /* AEXML.swift */,
			);
			path = ThirdParty;
			sourceTree = "<group>";
		};
		C402B4A41BF7F5CA00FE563B /* TypeExtensions */ = {
			isa = PBXGroup;
			children = (
				C408ACDF1BF80B320077A4C2 /* Bool+String.swift */,
				C402B4A51BF7F5CA00FE563B /* CGRect+String.swift */,
				C408ACE91BF8E93F0077A4C2 /* NSLayoutConstraint+String.swift */,
				C408ACE51BF86CF00077A4C2 /* NSParagraphStyle+String.swift */,
				C408ACE31BF86A7E0077A4C2 /* NSText+String.swift */,
				C402B4A61BF7F5CA00FE563B /* String+CGFloat.swift */,
				C402B4A71BF7F5CA00FE563B /* UIColor+String.swift */,
				A9A527E81BFB8136005B43C3 /* UIControl+String.swift */,
				A9A527E21BFA77C5005B43C3 /* UIImage+String.swift */,
				A9A527E41BFA7B66005B43C3 /* UIView+String.swift */,
			);
			path = TypeExtensions;
			sourceTree = "<group>";
		};
		C402B4A81BF7F5CA00FE563B /* UIKitExtensions */ = {
			isa = PBXGroup;
			children = (
				C408ACE71BF8DA9D0077A4C2 /* NSLayoutConstraint+Saturn.swift */,
				C408ACE11BF81D1E0077A4C2 /* NSObject+Saturn.swift */,
				A9A527EA1BFB8FE2005B43C3 /* UIButton+Saturn.swift */,
				A9A527E61BFA9368005B43C3 /* UIButtonState.swift */,
				A9A527EC1BFD2889005B43C3 /* UIControl+Saturn.swift */,
				A9A527E01BFA6DEF005B43C3 /* UIImageView+Saturn.swift */,
				C402B4BA1BF805FA00FE563B /* UILabel+Saturn.swift */,
				C402B4A91BF7F5CA00FE563B /* UIView+Saturn.swift */,
			);
			path = UIKitExtensions;
			sourceTree = "<group>";
		};
		C402B4B21BF7F5DD00FE563B /* Tests */ = {
			isa = PBXGroup;
			children = (
				C402B4B31BF7F5DD00FE563B /* Info.plist */,
				C402B4B41BF7F5DD00FE563B /* SaturnTests.swift */,
			);
			path = Tests;
			sourceTree = "<group>";
		};
		C403A3DC1BF787320089299D = {
			isa = PBXGroup;
			children = (
				C402B49E1BF7F5CA00FE563B /* Source */,
				C402B4B21BF7F5DD00FE563B /* Tests */,
				C403A3E71BF787320089299D /* Products */,
			);
			sourceTree = "<group>";
		};
		C403A3E71BF787320089299D /* Products */ = {
			isa = PBXGroup;
			children = (
				C403A3E61BF787320089299D /* Saturn.framework */,
				C403A3F01BF787330089299D /* Saturn iOS Tests.xctest */,
			);
			name = Products;
			sourceTree = "<group>";
		};
/* End PBXGroup section */

/* Begin PBXHeadersBuildPhase section */
		C403A3E31BF787320089299D /* Headers */ = {
			isa = PBXHeadersBuildPhase;
			buildActionMask = 2147483647;
			files = (
				C402B4AB1BF7F5CA00FE563B /* Saturn.h in Headers */,
			);
			runOnlyForDeploymentPostprocessing = 0;
		};
/* End PBXHeadersBuildPhase section */

/* Begin PBXNativeTarget section */
		C403A3E51BF787320089299D /* Saturn iOS */ = {
			isa = PBXNativeTarget;
			buildConfigurationList = C403A3FA1BF787330089299D /* Build configuration list for PBXNativeTarget "Saturn iOS" */;
			buildPhases = (
				C403A3E11BF787320089299D /* Sources */,
				C403A3E21BF787320089299D /* Frameworks */,
				C403A3E31BF787320089299D /* Headers */,
				C403A3E41BF787320089299D /* Resources */,
			);
			buildRules = (
			);
			dependencies = (
			);
			name = "Saturn iOS";
			productName = Saturn;
			productReference = C403A3E61BF787320089299D /* Saturn.framework */;
			productType = "com.apple.product-type.framework";
		};
		C403A3EF1BF787330089299D /* Saturn iOS Tests */ = {
			isa = PBXNativeTarget;
			buildConfigurationList = C403A3FD1BF787330089299D /* Build configuration list for PBXNativeTarget "Saturn iOS Tests" */;
			buildPhases = (
				C403A3EC1BF787330089299D /* Sources */,
				C403A3ED1BF787330089299D /* Frameworks */,
				C403A3EE1BF787330089299D /* Resources */,
			);
			buildRules = (
			);
			dependencies = (
				C403A3F31BF787330089299D /* PBXTargetDependency */,
			);
			name = "Saturn iOS Tests";
			productName = SaturnTests;
			productReference = C403A3F01BF787330089299D /* Saturn iOS Tests.xctest */;
			productType = "com.apple.product-type.bundle.unit-test";
		};
/* End PBXNativeTarget section */

/* Begin PBXProject section */
		C403A3DD1BF787320089299D /* Project object */ = {
			isa = PBXProject;
			attributes = {
				LastSwiftUpdateCheck = 0710;
				LastUpgradeCheck = 0710;
				ORGANIZATIONNAME = "Small Planet";
				TargetAttributes = {
					C403A3E51BF787320089299D = {
						CreatedOnToolsVersion = 7.1;
					};
					C403A3EF1BF787330089299D = {
						CreatedOnToolsVersion = 7.1;
					};
				};
			};
			buildConfigurationList = C403A3E01BF787320089299D /* Build configuration list for PBXProject "Saturn" */;
			compatibilityVersion = "Xcode 3.2";
			developmentRegion = English;
			hasScannedForEncodings = 0;
			knownRegions = (
				en,
			);
			mainGroup = C403A3DC1BF787320089299D;
			productRefGroup = C403A3E71BF787320089299D /* Products */;
			projectDirPath = "";
			projectRoot = "";
			targets = (
				C403A3E51BF787320089299D /* Saturn iOS */,
				C403A3EF1BF787330089299D /* Saturn iOS Tests */,
			);
		};
/* End PBXProject section */

/* Begin PBXResourcesBuildPhase section */
		C403A3E41BF787320089299D /* Resources */ = {
			isa = PBXResourcesBuildPhase;
			buildActionMask = 2147483647;
			files = (
			);
			runOnlyForDeploymentPostprocessing = 0;
		};
		C403A3EE1BF787330089299D /* Resources */ = {
			isa = PBXResourcesBuildPhase;
			buildActionMask = 2147483647;
			files = (
			);
			runOnlyForDeploymentPostprocessing = 0;
		};
/* End PBXResourcesBuildPhase section */

/* Begin PBXSourcesBuildPhase section */
		C403A3E11BF787320089299D /* Sources */ = {
			isa = PBXSourcesBuildPhase;
			buildActionMask = 2147483647;
			files = (
				A9A527E91BFB8136005B43C3 /* UIControl+String.swift in Sources */,
				C402B4AE1BF7F5CA00FE563B /* CGRect+String.swift in Sources */,
				C402B4AF1BF7F5CA00FE563B /* String+CGFloat.swift in Sources */,
				C408ACE81BF8DA9D0077A4C2 /* NSLayoutConstraint+Saturn.swift in Sources */,
				C408ACE41BF86A7E0077A4C2 /* NSText+String.swift in Sources */,
				A9A527EB1BFB8FE2005B43C3 /* UIButton+Saturn.swift in Sources */,
				C408ACE01BF80B320077A4C2 /* Bool+String.swift in Sources */,
				A9A527E11BFA6DEF005B43C3 /* UIImageView+Saturn.swift in Sources */,
				C408ACEA1BF8E93F0077A4C2 /* NSLayoutConstraint+String.swift in Sources */,
				C402B4BB1BF805FA00FE563B /* UILabel+Saturn.swift in Sources */,
				A9A527E71BFA9368005B43C3 /* UIButtonState.swift in Sources */,
				C408ACE21BF81D1E0077A4C2 /* NSObject+Saturn.swift in Sources */,
				A9A527E51BFA7B66005B43C3 /* UIView+String.swift in Sources */,
				C402B4AC1BF7F5CA00FE563B /* SaturnObject.swift in Sources */,
				C408ACE61BF86CF00077A4C2 /* NSParagraphStyle+String.swift in Sources */,
				C402B4AD1BF7F5CA00FE563B /* AEXML.swift in Sources */,
				A9A527ED1BFD2889005B43C3 /* UIControl+Saturn.swift in Sources */,
				C402B4B01BF7F5CA00FE563B /* UIColor+String.swift in Sources */,
				A9A527E31BFA77C5005B43C3 /* UIImage+String.swift in Sources */,
				C402B4B11BF7F5CA00FE563B /* UIView+Saturn.swift in Sources */,
			);
			runOnlyForDeploymentPostprocessing = 0;
		};
		C403A3EC1BF787330089299D /* Sources */ = {
			isa = PBXSourcesBuildPhase;
			buildActionMask = 2147483647;
			files = (
				C402B4B81BF7F94D00FE563B /* SaturnTests.swift in Sources */,
			);
			runOnlyForDeploymentPostprocessing = 0;
		};
/* End PBXSourcesBuildPhase section */

/* Begin PBXTargetDependency section */
		C403A3F31BF787330089299D /* PBXTargetDependency */ = {
			isa = PBXTargetDependency;
			target = C403A3E51BF787320089299D /* Saturn iOS */;
			targetProxy = C403A3F21BF787330089299D /* PBXContainerItemProxy */;
		};
/* End PBXTargetDependency section */

/* Begin XCBuildConfiguration section */
		C403A3F81BF787330089299D /* Debug */ = {
			isa = XCBuildConfiguration;
			buildSettings = {
				ALWAYS_SEARCH_USER_PATHS = NO;
				CLANG_CXX_LANGUAGE_STANDARD = "gnu++0x";
				CLANG_CXX_LIBRARY = "libc++";
				CLANG_ENABLE_MODULES = YES;
				CLANG_ENABLE_OBJC_ARC = YES;
				CLANG_WARN_BOOL_CONVERSION = YES;
				CLANG_WARN_CONSTANT_CONVERSION = YES;
				CLANG_WARN_DIRECT_OBJC_ISA_USAGE = YES_ERROR;
				CLANG_WARN_EMPTY_BODY = YES;
				CLANG_WARN_ENUM_CONVERSION = YES;
				CLANG_WARN_INT_CONVERSION = YES;
				CLANG_WARN_OBJC_ROOT_CLASS = YES_ERROR;
				CLANG_WARN_UNREACHABLE_CODE = YES;
				CLANG_WARN__DUPLICATE_METHOD_MATCH = YES;
				"CODE_SIGN_IDENTITY[sdk=iphoneos*]" = "iPhone Developer";
				COPY_PHASE_STRIP = NO;
				CURRENT_PROJECT_VERSION = 1;
				DEBUG_INFORMATION_FORMAT = dwarf;
				ENABLE_STRICT_OBJC_MSGSEND = YES;
				ENABLE_TESTABILITY = YES;
				GCC_C_LANGUAGE_STANDARD = gnu99;
				GCC_DYNAMIC_NO_PIC = NO;
				GCC_NO_COMMON_BLOCKS = YES;
				GCC_OPTIMIZATION_LEVEL = 0;
				GCC_PREPROCESSOR_DEFINITIONS = (
					"DEBUG=1",
					"$(inherited)",
				);
				GCC_WARN_64_TO_32_BIT_CONVERSION = YES;
				GCC_WARN_ABOUT_RETURN_TYPE = YES_ERROR;
				GCC_WARN_UNDECLARED_SELECTOR = YES;
				GCC_WARN_UNINITIALIZED_AUTOS = YES_AGGRESSIVE;
				GCC_WARN_UNUSED_FUNCTION = YES;
				GCC_WARN_UNUSED_VARIABLE = YES;
				IPHONEOS_DEPLOYMENT_TARGET = 9.1;
				MTL_ENABLE_DEBUG_INFO = YES;
				ONLY_ACTIVE_ARCH = YES;
				SDKROOT = iphoneos;
				SWIFT_OPTIMIZATION_LEVEL = "-Onone";
				TARGETED_DEVICE_FAMILY = "1,2";
				VERSIONING_SYSTEM = "apple-generic";
				VERSION_INFO_PREFIX = "";
			};
			name = Debug;
		};
		C403A3F91BF787330089299D /* Release */ = {
			isa = XCBuildConfiguration;
			buildSettings = {
				ALWAYS_SEARCH_USER_PATHS = NO;
				CLANG_CXX_LANGUAGE_STANDARD = "gnu++0x";
				CLANG_CXX_LIBRARY = "libc++";
				CLANG_ENABLE_MODULES = YES;
				CLANG_ENABLE_OBJC_ARC = YES;
				CLANG_WARN_BOOL_CONVERSION = YES;
				CLANG_WARN_CONSTANT_CONVERSION = YES;
				CLANG_WARN_DIRECT_OBJC_ISA_USAGE = YES_ERROR;
				CLANG_WARN_EMPTY_BODY = YES;
				CLANG_WARN_ENUM_CONVERSION = YES;
				CLANG_WARN_INT_CONVERSION = YES;
				CLANG_WARN_OBJC_ROOT_CLASS = YES_ERROR;
				CLANG_WARN_UNREACHABLE_CODE = YES;
				CLANG_WARN__DUPLICATE_METHOD_MATCH = YES;
				"CODE_SIGN_IDENTITY[sdk=iphoneos*]" = "iPhone Developer";
				COPY_PHASE_STRIP = NO;
				CURRENT_PROJECT_VERSION = 1;
				DEBUG_INFORMATION_FORMAT = "dwarf-with-dsym";
				ENABLE_NS_ASSERTIONS = NO;
				ENABLE_STRICT_OBJC_MSGSEND = YES;
				GCC_C_LANGUAGE_STANDARD = gnu99;
				GCC_NO_COMMON_BLOCKS = YES;
				GCC_WARN_64_TO_32_BIT_CONVERSION = YES;
				GCC_WARN_ABOUT_RETURN_TYPE = YES_ERROR;
				GCC_WARN_UNDECLARED_SELECTOR = YES;
				GCC_WARN_UNINITIALIZED_AUTOS = YES_AGGRESSIVE;
				GCC_WARN_UNUSED_FUNCTION = YES;
				GCC_WARN_UNUSED_VARIABLE = YES;
				IPHONEOS_DEPLOYMENT_TARGET = 9.1;
				MTL_ENABLE_DEBUG_INFO = NO;
				SDKROOT = iphoneos;
				TARGETED_DEVICE_FAMILY = "1,2";
				VALIDATE_PRODUCT = YES;
				VERSIONING_SYSTEM = "apple-generic";
				VERSION_INFO_PREFIX = "";
			};
			name = Release;
		};
		C403A3FB1BF787330089299D /* Debug */ = {
			isa = XCBuildConfiguration;
			buildSettings = {
				CLANG_ENABLE_MODULES = YES;
				DEFINES_MODULE = YES;
				DYLIB_COMPATIBILITY_VERSION = 1;
				DYLIB_CURRENT_VERSION = 1;
				DYLIB_INSTALL_NAME_BASE = "@rpath";
				INFOPLIST_FILE = Source/Info.plist;
				INSTALL_PATH = "$(LOCAL_LIBRARY_DIR)/Frameworks";
				IPHONEOS_DEPLOYMENT_TARGET = 8.0;
				LD_RUNPATH_SEARCH_PATHS = "$(inherited) @executable_path/Frameworks @loader_path/Frameworks";
				PRODUCT_BUNDLE_IDENTIFIER = com.smallplanet.Saturn;
				PRODUCT_NAME = Saturn;
				SKIP_INSTALL = YES;
				SWIFT_OPTIMIZATION_LEVEL = "-Onone";
			};
			name = Debug;
		};
		C403A3FC1BF787330089299D /* Release */ = {
			isa = XCBuildConfiguration;
			buildSettings = {
				CLANG_ENABLE_MODULES = YES;
				DEFINES_MODULE = YES;
				DYLIB_COMPATIBILITY_VERSION = 1;
				DYLIB_CURRENT_VERSION = 1;
				DYLIB_INSTALL_NAME_BASE = "@rpath";
				INFOPLIST_FILE = Source/Info.plist;
				INSTALL_PATH = "$(LOCAL_LIBRARY_DIR)/Frameworks";
				IPHONEOS_DEPLOYMENT_TARGET = 8.0;
				LD_RUNPATH_SEARCH_PATHS = "$(inherited) @executable_path/Frameworks @loader_path/Frameworks";
				PRODUCT_BUNDLE_IDENTIFIER = com.smallplanet.Saturn;
				PRODUCT_NAME = Saturn;
				SKIP_INSTALL = YES;
			};
			name = Release;
		};
		C403A3FE1BF787330089299D /* Debug */ = {
			isa = XCBuildConfiguration;
			buildSettings = {
				INFOPLIST_FILE = Tests/Info.plist;
				LD_RUNPATH_SEARCH_PATHS = "$(inherited) @executable_path/Frameworks @loader_path/Frameworks";
				PRODUCT_BUNDLE_IDENTIFIER = com.smallplanet.SaturnTests;
				PRODUCT_NAME = "$(TARGET_NAME)";
			};
			name = Debug;
		};
		C403A3FF1BF787330089299D /* Release */ = {
			isa = XCBuildConfiguration;
			buildSettings = {
				INFOPLIST_FILE = Tests/Info.plist;
				LD_RUNPATH_SEARCH_PATHS = "$(inherited) @executable_path/Frameworks @loader_path/Frameworks";
				PRODUCT_BUNDLE_IDENTIFIER = com.smallplanet.SaturnTests;
				PRODUCT_NAME = "$(TARGET_NAME)";
			};
			name = Release;
		};
/* End XCBuildConfiguration section */

/* Begin XCConfigurationList section */
		C403A3E01BF787320089299D /* Build configuration list for PBXProject "Saturn" */ = {
			isa = XCConfigurationList;
			buildConfigurations = (
				C403A3F81BF787330089299D /* Debug */,
				C403A3F91BF787330089299D /* Release */,
			);
			defaultConfigurationIsVisible = 0;
			defaultConfigurationName = Release;
		};
		C403A3FA1BF787330089299D /* Build configuration list for PBXNativeTarget "Saturn iOS" */ = {
			isa = XCConfigurationList;
			buildConfigurations = (
				C403A3FB1BF787330089299D /* Debug */,
				C403A3FC1BF787330089299D /* Release */,
			);
			defaultConfigurationIsVisible = 0;
			defaultConfigurationName = Release;
		};
		C403A3FD1BF787330089299D /* Build configuration list for PBXNativeTarget "Saturn iOS Tests" */ = {
			isa = XCConfigurationList;
			buildConfigurations = (
				C403A3FE1BF787330089299D /* Debug */,
				C403A3FF1BF787330089299D /* Release */,
			);
			defaultConfigurationIsVisible = 0;
			defaultConfigurationName = Release;
		};
/* End XCConfigurationList section */
	};
	rootObject = C403A3DD1BF787320089299D /* Project object */;
}
